
Microsoft Visual Studio Solution File, Format Version 12.00
# Visual Studio 14
VisualStudioVersion = 14.0.25420.1
MinimumVisualStudioVersion = 10.0.40219.1
Project("{FAE04EC0-301F-11D3-BF4B-00C04F79EFBC}") = "Tranquility Login", "Tranquility Login\Tranquility Login.csproj", "{0D8602F9-7BF6-497F-B206-02B74BA8C614}"
EndProject
Global
	GlobalSection(SolutionConfigurationPlatforms) = preSolution
		Debug|Any CPU = Debug|Any CPU
		Release|Any CPU = Release|Any CPU
	EndGlobalSection
	GlobalSection(ProjectConfigurationPlatforms) = postSolution
		{0D8602F9-7BF6-497F-B206-02B74BA8C614}.Debug|Any CPU.ActiveCfg = Debug|Any CPU
		{0D8602F9-7BF6-497F-B206-02B74BA8C614}.Debug|Any CPU.Build.0 = Debug|Any CPU
		{0D8602F9-7BF6-497F-B206-02B74BA8C614}.Release|Any CPU.ActiveCfg = Release|Any CPU
		{0D8602F9-7BF6-497F-B206-02B74BA8C614}.Release|Any CPU.Build.0 = Release|Any CPU
	EndGlobalSection
	GlobalSection(SolutionProperties) = preSolution
		HideSolutionNode = FALSE
	EndGlobalSection
EndGlobal
